
Microsoft Visual Studio Solution File, Format Version 12.00
# Visual Studio Version 17
VisualStudioVersion = 17.9.34616.47
MinimumVisualStudioVersion = 10.0.40219.1
Project("{F184B08F-C81C-45F6-A57F-5ABD9991F28F}") = "exp10", "exp10.vbproj", "{4BF19C84-5571-417B-A937-03529BDC6B61}"
EndProject
Global
	GlobalSection(SolutionConfigurationPlatforms) = preSolution
		Debug|Any CPU = Debug|Any CPU
		Release|Any CPU = Release|Any CPU
	EndGlobalSection
	GlobalSection(ProjectConfigurationPlatforms) = postSolution
		{4BF19C84-5571-417B-A937-03529BDC6B61}.Debug|Any CPU.ActiveCfg = Debug|Any CPU
		{4BF19C84-5571-417B-A937-03529BDC6B61}.Debug|Any CPU.Build.0 = Debug|Any CPU
		{4BF19C84-5571-417B-A937-03529BDC6B61}.Release|Any CPU.ActiveCfg = Release|Any CPU
		{4BF19C84-5571-417B-A937-03529BDC6B61}.Release|Any CPU.Build.0 = Release|Any CPU
	EndGlobalSection
	GlobalSection(SolutionProperties) = preSolution
		HideSolutionNode = FALSE
	EndGlobalSection
	GlobalSection(ExtensibilityGlobals) = postSolution
		SolutionGuid = {538BA383-3497-4E15-9360-FC17933DC1FF}
	EndGlobalSection
EndGlobal
